
Microsoft Visual Studio Solution File, Format Version 12.00
# Visual Studio Version 17
VisualStudioVersion = 17.3.32819.101
MinimumVisualStudioVersion = 10.0.40219.1
Project("{9A19103F-16F7-4668-BE54-9A1E7A4F7556}") = "MyFirstAzureWebAppSnyder", "MyFirstAzureWebAppSnyder\MyFirstAzureWebAppSnyder.csproj", "{5EDA9451-16A2-4809-9CA0-7A5A3CDF4C14}"
EndProject
Project("{2150E333-8FDC-42A3-9474-1A3956D46DE8}") = "Solution Items", "Solution Items", "{CD52A309-611B-4798-B098-02331BA3A757}"
	ProjectSection(SolutionItems) = preProject
		.editorconfig = .editorconfig
	EndProjectSection
EndProject
Project("{FAE04EC0-301F-11D3-BF4B-00C04F79EFBC}") = "ContactsAppSnyder", "ContactsAppSnyder\ContactsAppSnyder.csproj", "{56DECF75-8F29-4953-B39B-99A0D3D523AE}"
EndProject
Global
	GlobalSection(SolutionConfigurationPlatforms) = preSolution
		Debug|Any CPU = Debug|Any CPU
		Release|Any CPU = Release|Any CPU
	EndGlobalSection
	GlobalSection(ProjectConfigurationPlatforms) = postSolution
		{5EDA9451-16A2-4809-9CA0-7A5A3CDF4C14}.Debug|Any CPU.ActiveCfg = Debug|Any CPU
		{5EDA9451-16A2-4809-9CA0-7A5A3CDF4C14}.Debug|Any CPU.Build.0 = Debug|Any CPU
		{5EDA9451-16A2-4809-9CA0-7A5A3CDF4C14}.Release|Any CPU.ActiveCfg = Release|Any CPU
		{5EDA9451-16A2-4809-9CA0-7A5A3CDF4C14}.Release|Any CPU.Build.0 = Release|Any CPU
		{56DECF75-8F29-4953-B39B-99A0D3D523AE}.Debug|Any CPU.ActiveCfg = Debug|Any CPU
		{56DECF75-8F29-4953-B39B-99A0D3D523AE}.Debug|Any CPU.Build.0 = Debug|Any CPU
		{56DECF75-8F29-4953-B39B-99A0D3D523AE}.Release|Any CPU.ActiveCfg = Release|Any CPU
		{56DECF75-8F29-4953-B39B-99A0D3D523AE}.Release|Any CPU.Build.0 = Release|Any CPU
	EndGlobalSection
	GlobalSection(SolutionProperties) = preSolution
		HideSolutionNode = FALSE
	EndGlobalSection
	GlobalSection(ExtensibilityGlobals) = postSolution
		SolutionGuid = {E6A4AC42-D792-43D7-89FD-DAD0F89E6572}
	EndGlobalSection
EndGlobal
